
Microsoft Visual Studio Solution File, Format Version 11.00
# Visual Studio 2010
Project("{FAE04EC0-301F-11D3-BF4B-00C04F79EFBC}") = "UniRx", "UniRx.csproj", "{12D58004-93D9-F504-5896-FB19E1E5FAA1}"
EndProject
Project("{FAE04EC0-301F-11D3-BF4B-00C04F79EFBC}") = "UniRx.Examples", "UniRx.Examples.csproj", "{13EFA303-D226-BE7D-3F85-9646F9BFE292}"
EndProject
Project("{FAE04EC0-301F-11D3-BF4B-00C04F79EFBC}") = "Assembly-CSharp", "Assembly-CSharp.csproj", "{783772BF-3F6D-B1D1-2EF5-9C4BBCCF0731}"
EndProject
Global
	GlobalSection(SolutionConfigurationPlatforms) = preSolution
		Debug|Any CPU = Debug|Any CPU
		Release|Any CPU = Release|Any CPU
	EndGlobalSection
	GlobalSection(ProjectConfigurationPlatforms) = postSolution
		{12D58004-93D9-F504-5896-FB19E1E5FAA1}.Debug|Any CPU.ActiveCfg = Debug|Any CPU
		{12D58004-93D9-F504-5896-FB19E1E5FAA1}.Debug|Any CPU.Build.0 = Debug|Any CPU
		{12D58004-93D9-F504-5896-FB19E1E5FAA1}.Release|Any CPU.ActiveCfg = Release|Any CPU
		{12D58004-93D9-F504-5896-FB19E1E5FAA1}.Release|Any CPU.Build.0 = Release|Any CPU
		{13EFA303-D226-BE7D-3F85-9646F9BFE292}.Debug|Any CPU.ActiveCfg = Debug|Any CPU
		{13EFA303-D226-BE7D-3F85-9646F9BFE292}.Debug|Any CPU.Build.0 = Debug|Any CPU
		{13EFA303-D226-BE7D-3F85-9646F9BFE292}.Release|Any CPU.ActiveCfg = Release|Any CPU
		{13EFA303-D226-BE7D-3F85-9646F9BFE292}.Release|Any CPU.Build.0 = Release|Any CPU
		{783772BF-3F6D-B1D1-2EF5-9C4BBCCF0731}.Debug|Any CPU.ActiveCfg = Debug|Any CPU
		{783772BF-3F6D-B1D1-2EF5-9C4BBCCF0731}.Debug|Any CPU.Build.0 = Debug|Any CPU
		{783772BF-3F6D-B1D1-2EF5-9C4BBCCF0731}.Release|Any CPU.ActiveCfg = Release|Any CPU
		{783772BF-3F6D-B1D1-2EF5-9C4BBCCF0731}.Release|Any CPU.Build.0 = Release|Any CPU
	EndGlobalSection
	GlobalSection(SolutionProperties) = preSolution
		HideSolutionNode = FALSE
	EndGlobalSection
EndGlobal
